
Microsoft Visual Studio Solution File, Format Version 12.00
# Visual Studio 15
VisualStudioVersion = 15.0.28307.572
MinimumVisualStudioVersion = 10.0.40219.1
Project("{FAE04EC0-301F-11D3-BF4B-00C04F79EFBC}") = "audienceapi", "audienceapi\audienceapi.csproj", "{62386BC6-DE43-439F-9FC9-9741E562E44A}"
EndProject
Global
	GlobalSection(SolutionConfigurationPlatforms) = preSolution
		Debug|Any CPU = Debug|Any CPU
		Release|Any CPU = Release|Any CPU
	EndGlobalSection
	GlobalSection(ProjectConfigurationPlatforms) = postSolution
		{62386BC6-DE43-439F-9FC9-9741E562E44A}.Debug|Any CPU.ActiveCfg = Debug|Any CPU
		{62386BC6-DE43-439F-9FC9-9741E562E44A}.Debug|Any CPU.Build.0 = Debug|Any CPU
		{62386BC6-DE43-439F-9FC9-9741E562E44A}.Release|Any CPU.ActiveCfg = Release|Any CPU
		{62386BC6-DE43-439F-9FC9-9741E562E44A}.Release|Any CPU.Build.0 = Release|Any CPU
	EndGlobalSection
	GlobalSection(SolutionProperties) = preSolution
		HideSolutionNode = FALSE
	EndGlobalSection
	GlobalSection(ExtensibilityGlobals) = postSolution
		SolutionGuid = {3B49B91A-5091-4585-926A-5618DE4535C6}
	EndGlobalSection
EndGlobal
